PODS:
  - DividerView (2.0)
  - Nimble (6.0.0)
  - Quick (1.0.0)

DEPENDENCIES:
  - DividerView (from `../`)
  - Nimble
  - Quick

EXTERNAL SOURCES:
  DividerView:
    :path: "../"

SPEC CHECKSUMS:
  DividerView: 0ff0a79fd1e456aa3362b970ca55ba5c41d9f41e
  Nimble: 8fb9b4b34c535b2f32f52c6b9852d6f02d48610b
  Quick: 8024e4a47e6cc03a9d5245ef0948264fc6d27cff

PODFILE CHECKSUM: b54b2f3de863e8040a8b0d0c61f5fe156120fdb7

COCOAPODS: 1.1.1
