PODS:
  - DividerView (2.0)
  - Nimble (7.3.1)
  - Quick (1.3.2)

DEPENDENCIES:
  - DividerView (from `../`)
  - Nimble
  - Quick

SPEC REPOS:
  https://github.com/cocoapods/specs.git:
    - Nimble
    - Quick

EXTERNAL SOURCES:
  DividerView:
    :path: "../"

SPEC CHECKSUMS:
  DividerView: f92bb847c3b9c7b8facda0c1eaff177f3537eb07
  Nimble: 04f732da099ea4d153122aec8c2a88fd0c7219ae
  Quick: 2623cb30d7a7f41ca62f684f679586558f483d46

PODFILE CHECKSUM: f8f39fbd638048c3bd77182c0dbc15f07ba92bf2

COCOAPODS: 1.5.3
